
Microsoft Visual Studio Solution File, Format Version 12.00
# Visual Studio Version 17
VisualStudioVersion = 17.7.34031.279
MinimumVisualStudioVersion = 10.0.40219.1
Project("{FAE04EC0-301F-11D3-BF4B-00C04F79EFBC}") = "ApplicationManagement", "ApplicationManagement\ApplicationManagement.csproj", "{BDC1A952-46E6-4C74-8004-1B7FB98EB030}"
EndProject
Global
	GlobalSection(SolutionConfigurationPlatforms) = preSolution
		Debug|Any CPU = Debug|Any CPU
		Release|Any CPU = Release|Any CPU
	EndGlobalSection
	GlobalSection(ProjectConfigurationPlatforms) = postSolution
		{BDC1A952-46E6-4C74-8004-1B7FB98EB030}.Debug|Any CPU.ActiveCfg = Debug|Any CPU
		{BDC1A952-46E6-4C74-8004-1B7FB98EB030}.Debug|Any CPU.Build.0 = Debug|Any CPU
		{BDC1A952-46E6-4C74-8004-1B7FB98EB030}.Release|Any CPU.ActiveCfg = Release|Any CPU
		{BDC1A952-46E6-4C74-8004-1B7FB98EB030}.Release|Any CPU.Build.0 = Release|Any CPU
	EndGlobalSection
	GlobalSection(SolutionProperties) = preSolution
		HideSolutionNode = FALSE
	EndGlobalSection
	GlobalSection(ExtensibilityGlobals) = postSolution
		SolutionGuid = {2CEA5217-FA41-4BDC-ABF1-A9632FBA2B4A}
	EndGlobalSection
EndGlobal
